Microsoft Visual Studio Solution File, Format Version 11.00
# Visual Studio 2008

Project("{2CAC2360-F5DB-F7CF-4333-AE0727F9B3DD}") = "ihateblobs", "Assembly-CSharp.csproj", "{94C8453E-EDDC-ACD5-A392-367C1EDDBE95}"
EndProject
Project("{2CAC2360-F5DB-F7CF-4333-AE0727F9B3DD}") = "ihateblobs", "Assembly-CSharp-Editor.csproj", "{3DFFEE9F-AB4B-C607-A690-80910C504EE9}"
EndProject
Project("{2CAC2360-F5DB-F7CF-4333-AE0727F9B3DD}") = "ihateblobs", "Assembly-Boo-Editor.booproj", "{90D56F43-C39A-0553-CC7C-0795A41EDA0D}"
EndProject
Project("{2CAC2360-F5DB-F7CF-4333-AE0727F9B3DD}") = "ihateblobs", "Assembly-UnityScript-Editor.unityproj", "{98C1EA55-59B7-B543-470C-9BE681461418}"
EndProject
Global
	GlobalSection(SolutionConfigurationPlatforms) = preSolution
		Debug|Any CPU = Debug|Any CPU
		Release|Any CPU = Release|Any CPU
	EndGlobalSection
	GlobalSection(ProjectConfigurationPlatforms) = postSolution
		{94C8453E-EDDC-ACD5-A392-367C1EDDBE95}.Debug|Any CPU.ActiveCfg = Debug|Any CPU
		{94C8453E-EDDC-ACD5-A392-367C1EDDBE95}.Debug|Any CPU.Build.0 = Debug|Any CPU
		{94C8453E-EDDC-ACD5-A392-367C1EDDBE95}.Release|Any CPU.ActiveCfg = Release|Any CPU
		{94C8453E-EDDC-ACD5-A392-367C1EDDBE95}.Release|Any CPU.Build.0 = Release|Any CPU
		{3DFFEE9F-AB4B-C607-A690-80910C504EE9}.Debug|Any CPU.ActiveCfg = Debug|Any CPU
		{3DFFEE9F-AB4B-C607-A690-80910C504EE9}.Debug|Any CPU.Build.0 = Debug|Any CPU
		{3DFFEE9F-AB4B-C607-A690-80910C504EE9}.Release|Any CPU.ActiveCfg = Release|Any CPU
		{3DFFEE9F-AB4B-C607-A690-80910C504EE9}.Release|Any CPU.Build.0 = Release|Any CPU
		{90D56F43-C39A-0553-CC7C-0795A41EDA0D}.Debug|Any CPU.ActiveCfg = Debug|Any CPU
		{90D56F43-C39A-0553-CC7C-0795A41EDA0D}.Debug|Any CPU.Build.0 = Debug|Any CPU
		{90D56F43-C39A-0553-CC7C-0795A41EDA0D}.Release|Any CPU.ActiveCfg = Release|Any CPU
		{90D56F43-C39A-0553-CC7C-0795A41EDA0D}.Release|Any CPU.Build.0 = Release|Any CPU
		{98C1EA55-59B7-B543-470C-9BE681461418}.Debug|Any CPU.ActiveCfg = Debug|Any CPU
		{98C1EA55-59B7-B543-470C-9BE681461418}.Debug|Any CPU.Build.0 = Debug|Any CPU
		{98C1EA55-59B7-B543-470C-9BE681461418}.Release|Any CPU.ActiveCfg = Release|Any CPU
		{98C1EA55-59B7-B543-470C-9BE681461418}.Release|Any CPU.Build.0 = Release|Any CPU
	EndGlobalSection
	GlobalSection(SolutionProperties) = preSolution
		HideSolutionNode = FALSE
	EndGlobalSection
																																																					GlobalSection(MonoDevelopProperties) = preSolution
					GlobalSection(MonoDevelopProperties) = preSolution
		StartupItem = Assembly-CSharp.csproj
		Policies = $0
		$0.TextStylePolicy = $1
		$1.inheritsSet = null
		$1.scope = text/x-csharp
		$0.CSharpFormattingPolicy = $2
		$2.inheritsSet = Mono
		$2.inheritsScope = text/x-csharp
		$2.scope = text/x-csharp
		$0.TextStylePolicy = $3
		$3.FileWidth = 120
		$3.TabWidth = 4
		$3.EolMarker = Unix
		$3.inheritsSet = Mono
		$3.inheritsScope = text/plain
		$3.scope = text/plain
	EndGlobalSection

EndGlobal
