Microsoft Visual Studio Solution File, Format Version 11.00
# Visual Studio 2008

Project("{9149C350-A26E-591D-EEDD-90FE024AA1F6}") = "IHATEBLOBS", "Assembly-CSharp.csproj", "{95B35552-1E51-E5C8-045A-DC3097519C1F}"
EndProject
Project("{9149C350-A26E-591D-EEDD-90FE024AA1F6}") = "IHATEBLOBS", "Assembly-CSharp-Editor.csproj", "{6F5714FE-7365-393D-7238-054CFFCE275A}"
EndProject
Project("{9149C350-A26E-591D-EEDD-90FE024AA1F6}") = "IHATEBLOBS", "Assembly-Boo-Editor.booproj", "{A832E2C1-A50D-B11C-F624-7FF0160E94B1}"
EndProject
Project("{9149C350-A26E-591D-EEDD-90FE024AA1F6}") = "IHATEBLOBS", "Assembly-UnityScript-Editor.unityproj", "{ED57C5BB-E1F5-F67A-3F4E-07592DFAFFE1}"
EndProject
Global
	GlobalSection(SolutionConfigurationPlatforms) = preSolution
		Debug|Any CPU = Debug|Any CPU
		Release|Any CPU = Release|Any CPU
	EndGlobalSection
	GlobalSection(ProjectConfigurationPlatforms) = postSolution
		{95B35552-1E51-E5C8-045A-DC3097519C1F}.Debug|Any CPU.ActiveCfg = Debug|Any CPU
		{95B35552-1E51-E5C8-045A-DC3097519C1F}.Debug|Any CPU.Build.0 = Debug|Any CPU
		{95B35552-1E51-E5C8-045A-DC3097519C1F}.Release|Any CPU.ActiveCfg = Release|Any CPU
		{95B35552-1E51-E5C8-045A-DC3097519C1F}.Release|Any CPU.Build.0 = Release|Any CPU
		{6F5714FE-7365-393D-7238-054CFFCE275A}.Debug|Any CPU.ActiveCfg = Debug|Any CPU
		{6F5714FE-7365-393D-7238-054CFFCE275A}.Debug|Any CPU.Build.0 = Debug|Any CPU
		{6F5714FE-7365-393D-7238-054CFFCE275A}.Release|Any CPU.ActiveCfg = Release|Any CPU
		{6F5714FE-7365-393D-7238-054CFFCE275A}.Release|Any CPU.Build.0 = Release|Any CPU
		{A832E2C1-A50D-B11C-F624-7FF0160E94B1}.Debug|Any CPU.ActiveCfg = Debug|Any CPU
		{A832E2C1-A50D-B11C-F624-7FF0160E94B1}.Debug|Any CPU.Build.0 = Debug|Any CPU
		{A832E2C1-A50D-B11C-F624-7FF0160E94B1}.Release|Any CPU.ActiveCfg = Release|Any CPU
		{A832E2C1-A50D-B11C-F624-7FF0160E94B1}.Release|Any CPU.Build.0 = Release|Any CPU
		{ED57C5BB-E1F5-F67A-3F4E-07592DFAFFE1}.Debug|Any CPU.ActiveCfg = Debug|Any CPU
		{ED57C5BB-E1F5-F67A-3F4E-07592DFAFFE1}.Debug|Any CPU.Build.0 = Debug|Any CPU
		{ED57C5BB-E1F5-F67A-3F4E-07592DFAFFE1}.Release|Any CPU.ActiveCfg = Release|Any CPU
		{ED57C5BB-E1F5-F67A-3F4E-07592DFAFFE1}.Release|Any CPU.Build.0 = Release|Any CPU
	EndGlobalSection
	GlobalSection(SolutionProperties) = preSolution
		HideSolutionNode = FALSE
	EndGlobalSection
																																		GlobalSection(MonoDevelopProperties) = preSolution
		StartupItem = Assembly-CSharp.csproj
		Policies = $0
		$0.TextStylePolicy = $1
		$1.inheritsSet = null
		$1.scope = text/x-csharp
		$0.CSharpFormattingPolicy = $2
		$2.inheritsSet = Mono
		$2.inheritsScope = text/x-csharp
		$2.scope = text/x-csharp
		$0.TextStylePolicy = $3
		$3.FileWidth = 120
		$3.TabWidth = 4
		$3.EolMarker = Unix
		$3.inheritsSet = Mono
		$3.inheritsScope = text/plain
		$3.scope = text/plain
	EndGlobalSection

EndGlobal
